
Microsoft Visual Studio Solution File, Format Version 12.00
# Visual Studio Version 16
VisualStudioVersion = 16.0.30717.126
MinimumVisualStudioVersion = 10.0.40219.1
Project("{FAE04EC0-301F-11D3-BF4B-00C04F79EFBC}") = "ProyectoPrestamosCEICU", "ProyectoPrestamosCEICU\ProyectoPrestamosCEICU.csproj", "{0990BB6D-23FC-4E81-AE82-92C10523A331}"
EndProject
Global
	GlobalSection(SolutionConfigurationPlatforms) = preSolution
		Debug|Any CPU = Debug|Any CPU
		Release|Any CPU = Release|Any CPU
	EndGlobalSection
	GlobalSection(ProjectConfigurationPlatforms) = postSolution
		{0990BB6D-23FC-4E81-AE82-92C10523A331}.Debug|Any CPU.ActiveCfg = Debug|Any CPU
		{0990BB6D-23FC-4E81-AE82-92C10523A331}.Debug|Any CPU.Build.0 = Debug|Any CPU
		{0990BB6D-23FC-4E81-AE82-92C10523A331}.Release|Any CPU.ActiveCfg = Release|Any CPU
		{0990BB6D-23FC-4E81-AE82-92C10523A331}.Release|Any CPU.Build.0 = Release|Any CPU
	EndGlobalSection
	GlobalSection(SolutionProperties) = preSolution
		HideSolutionNode = FALSE
	EndGlobalSection
	GlobalSection(ExtensibilityGlobals) = postSolution
		SolutionGuid = {AB114CEF-B142-4444-BC50-2C716C2E04AD}
	EndGlobalSection
EndGlobal
